<?xml version="1.0" encoding="utf-8"?>
<Project ToolsVersion="4.0" xmlns="http://schemas.microsoft.com/developer/msbuild/2003">
  <ItemGroup>
    <Filter Include="src">
      <UniqueIdentifier>{4FC737F1-C7A5-4376-A066-2A32D752A2FF}</UniqueIdentifier>
      <Extensions>cpp;c;cc;cxx;c++;cppm;ixx;def;odl;idl;hpj;bat;asm;asmx</Extensions>
    </Filter>
    <Filter Include="src\common">
      <UniqueIdentifier>{06ffb2bc-fde3-4b25-9618-40ac0519be9e}</UniqueIdentifier>
    </Filter>
    <Filter Include="src\interface">
      <UniqueIdentifier>{f42c8cfb-6a9a-48dc-a4db-cd4fc05bd04b}</UniqueIdentifier>
    </Filter>
    <Filter Include="src\iocp">
      <UniqueIdentifier>{d4ae8336-1d3c-4b9b-8601-14883f7b749b}</UniqueIdentifier>
    </Filter>
    <Filter Include="src\util">
      <UniqueIdentifier>{10611022-9248-43fa-935b-ffabe5489fb7}</UniqueIdentifier>
    </Filter>
    <Filter Include="src\thread">
      <UniqueIdentifier>{8f6aaacb-124c-4135-aba5-d71e177f31c3}</UniqueIdentifier>
    </Filter>
  </ItemGroup>
  <ItemGroup>
    <ClCompile Include="core.cpp">
      <Filter>src</Filter>
    </ClCompile>
    <ClCompile Include="core.ixx">
      <Filter>src</Filter>
    </ClCompile>
    <ClCompile Include="util\conf.ixx">
      <Filter>src\util</Filter>
    </ClCompile>
    <ClCompile Include="util\packetEx.ixx">
      <Filter>src\util</Filter>
    </ClCompile>
    <ClCompile Include="util\roundBuffer.ixx">
      <Filter>src\util</Filter>
    </ClCompile>
    <ClCompile Include="util\singleton.ixx">
      <Filter>src\util</Filter>
    </ClCompile>
    <ClCompile Include="thread\threadImpl.cpp">
      <Filter>src\thread</Filter>
    </ClCompile>
    <ClCompile Include="thread\threadImpl.ixx">
      <Filter>src\thread</Filter>
    </ClCompile>
    <ClCompile Include="thread\worker.cpp">
      <Filter>src\thread</Filter>
    </ClCompile>
    <ClCompile Include="thread\worker.ixx">
      <Filter>src\thread</Filter>
    </ClCompile>
    <ClCompile Include="iocp\iocp.cpp">
      <Filter>src\iocp</Filter>
    </ClCompile>
    <ClCompile Include="iocp\iocp.ixx">
      <Filter>src\iocp</Filter>
    </ClCompile>
    <ClCompile Include="iocp\session.cpp">
      <Filter>src\iocp</Filter>
    </ClCompile>
    <ClCompile Include="iocp\session.ixx">
      <Filter>src\iocp</Filter>
    </ClCompile>
    <ClCompile Include="iocp\socket.cpp">
      <Filter>src\iocp</Filter>
    </ClCompile>
    <ClCompile Include="iocp\socket.ixx">
      <Filter>src\iocp</Filter>
    </ClCompile>
    <ClCompile Include="interface\IEventHandler.ixx">
      <Filter>src\interface</Filter>
    </ClCompile>
    <ClCompile Include="interface\IIoHandler.ixx">
      <Filter>src\interface</Filter>
    </ClCompile>
    <ClCompile Include="interface\IThread.ixx">
      <Filter>src\interface</Filter>
    </ClCompile>
  </ItemGroup>
  <ItemGroup>
    <ClInclude Include="common\define.h">
      <Filter>src\common</Filter>
    </ClInclude>
  </ItemGroup>
</Project>